
Microsoft Visual Studio Solution File, Format Version 12.00
# Visual Studio Version 17
VisualStudioVersion = 17.11.35222.181
MinimumVisualStudioVersion = 10.0.40219.1
Project("{FAE04EC0-301F-11D3-BF4B-00C04F79EFBC}") = "Projeto01", "Projeto01\Projeto01.csproj", "{BA9EDFCE-B9C6-4490-A483-B6E2AB5AC38A}"
EndProject
Global
	GlobalSection(SolutionConfigurationPlatforms) = preSolution
		Debug|Any CPU = Debug|Any CPU
		Release|Any CPU = Release|Any CPU
	EndGlobalSection
	GlobalSection(ProjectConfigurationPlatforms) = postSolution
		{BA9EDFCE-B9C6-4490-A483-B6E2AB5AC38A}.Debug|Any CPU.ActiveCfg = Debug|Any CPU
		{BA9EDFCE-B9C6-4490-A483-B6E2AB5AC38A}.Debug|Any CPU.Build.0 = Debug|Any CPU
		{BA9EDFCE-B9C6-4490-A483-B6E2AB5AC38A}.Release|Any CPU.ActiveCfg = Release|Any CPU
		{BA9EDFCE-B9C6-4490-A483-B6E2AB5AC38A}.Release|Any CPU.Build.0 = Release|Any CPU
	EndGlobalSection
	GlobalSection(SolutionProperties) = preSolution
		HideSolutionNode = FALSE
	EndGlobalSection
	GlobalSection(ExtensibilityGlobals) = postSolution
		SolutionGuid = {29E7EA3B-E81F-46E5-9254-D907AA401434}
	EndGlobalSection
EndGlobal
